
Microsoft Visual Studio Solution File, Format Version 12.00
# Visual Studio 15
VisualStudioVersion = 15.0.27703.2042
MinimumVisualStudioVersion = 10.0.40219.1
Project("{FAE04EC0-301F-11D3-BF4B-00C04F79EFBC}") = "[Compi1]P2_201612331", "[Compi1]P2_201612331\[Compi1]P2_201612331.csproj", "{C5D7298E-8D29-441B-B2BB-0298D49EB876}"
EndProject
Global
	GlobalSection(SolutionConfigurationPlatforms) = preSolution
		Debug|Any CPU = Debug|Any CPU
		Release|Any CPU = Release|Any CPU
	EndGlobalSection
	GlobalSection(ProjectConfigurationPlatforms) = postSolution
		{C5D7298E-8D29-441B-B2BB-0298D49EB876}.Debug|Any CPU.ActiveCfg = Debug|Any CPU
		{C5D7298E-8D29-441B-B2BB-0298D49EB876}.Debug|Any CPU.Build.0 = Debug|Any CPU
		{C5D7298E-8D29-441B-B2BB-0298D49EB876}.Release|Any CPU.ActiveCfg = Release|Any CPU
		{C5D7298E-8D29-441B-B2BB-0298D49EB876}.Release|Any CPU.Build.0 = Release|Any CPU
	EndGlobalSection
	GlobalSection(SolutionProperties) = preSolution
		HideSolutionNode = FALSE
	EndGlobalSection
	GlobalSection(ExtensibilityGlobals) = postSolution
		SolutionGuid = {549A25AB-FD8C-4990-A8A8-1F3FA8862E1C}
	EndGlobalSection
EndGlobal
